
Microsoft Visual Studio Solution File, Format Version 12.00
# Visual Studio Version 16
VisualStudioVersion = 16.0.30709.132
MinimumVisualStudioVersion = 10.0.40219.1
Project("{FAE04EC0-301F-11D3-BF4B-00C04F79EFBC}") = "AIJIA", "AIJIA\AIJIA.csproj", "{92D6D842-334A-49E1-B9F1-1642647A2A72}"
EndProject
Global
	GlobalSection(SolutionConfigurationPlatforms) = preSolution
		Debug|Any CPU = Debug|Any CPU
		Release|Any CPU = Release|Any CPU
	EndGlobalSection
	GlobalSection(ProjectConfigurationPlatforms) = postSolution
		{92D6D842-334A-49E1-B9F1-1642647A2A72}.Debug|Any CPU.ActiveCfg = Debug|Any CPU
		{92D6D842-334A-49E1-B9F1-1642647A2A72}.Debug|Any CPU.Build.0 = Debug|Any CPU
		{92D6D842-334A-49E1-B9F1-1642647A2A72}.Release|Any CPU.ActiveCfg = Release|Any CPU
		{92D6D842-334A-49E1-B9F1-1642647A2A72}.Release|Any CPU.Build.0 = Release|Any CPU
	EndGlobalSection
	GlobalSection(SolutionProperties) = preSolution
		HideSolutionNode = FALSE
	EndGlobalSection
	GlobalSection(ExtensibilityGlobals) = postSolution
		SolutionGuid = {B09854B1-474A-4546-8246-F8C67998DB24}
	EndGlobalSection
EndGlobal
